
Microsoft Visual Studio Solution File, Format Version 12.00
# Visual Studio Version 17
VisualStudioVersion = 17.5.002.0
MinimumVisualStudioVersion = 10.0.40219.1
Project("{2150E333-8FDC-42A3-9474-1A3956D46DE8}") = "prepare", "prepare", "{0BE060F8-C129-499C-80D6-7964B747C9D7}"
EndProject
Project("{9A19103F-16F7-4668-BE54-9A1E7A4F7556}") = "Learning02", "prepare\Learning02\Learning02.csproj", "{E7C1536A-20B2-4A32-B060-CC280922515A}"
EndProject
Project("{9A19103F-16F7-4668-BE54-9A1E7A4F7556}") = "Learning05", "prepare\Learning05\Learning05.csproj", "{08144306-9798-4836-8C7E-587B2D3C39EB}"
EndProject
Project("{9A19103F-16F7-4668-BE54-9A1E7A4F7556}") = "Learning04", "prepare\Learning04\Learning04.csproj", "{074157BC-EC27-4D52-8173-E6FDFC8989DA}"
EndProject
Project("{9A19103F-16F7-4668-BE54-9A1E7A4F7556}") = "Learning03", "prepare\Learning03\Learning03.csproj", "{86448BD5-0026-4329-A152-16D6644731C6}"
EndProject
Project("{2150E333-8FDC-42A3-9474-1A3956D46DE8}") = "prove", "prove", "{0D833318-4A24-43C6-9CDE-3E2EE2567CF8}"
EndProject
Project("{9A19103F-16F7-4668-BE54-9A1E7A4F7556}") = "Develop03", "prove\Develop03\Develop03.csproj", "{EEBFD568-70E7-4CB3-B52D-474864BA2BEE}"
EndProject
Project("{9A19103F-16F7-4668-BE54-9A1E7A4F7556}") = "Develop04", "prove\Develop04\Develop04.csproj", "{82381E1C-E6EB-4CC6-B188-FFE9D9D95558}"
EndProject
Project("{9A19103F-16F7-4668-BE54-9A1E7A4F7556}") = "Develop05", "prove\Develop05\Develop05.csproj", "{D58DABFE-0994-48F4-9A3D-2CFE3848053D}"
EndProject
Project("{9A19103F-16F7-4668-BE54-9A1E7A4F7556}") = "Develop02", "prove\Develop02\Develop02.csproj", "{0585C8FE-168A-4179-9F4D-015EFBD2BB3E}"
EndProject
Project("{2150E333-8FDC-42A3-9474-1A3956D46DE8}") = "sandbox", "sandbox", "{FE2E82E9-93AC-4BEB-9645-AB97F69FED12}"
EndProject
Project("{9A19103F-16F7-4668-BE54-9A1E7A4F7556}") = "Sandbox", "sandbox\Sandbox\Sandbox.csproj", "{F7DDD15A-A763-4670-B069-211E31182A44}"
EndProject
Project("{2150E333-8FDC-42A3-9474-1A3956D46DE8}") = "final", "final", "{874B4E1B-031C-4CE0-B3E1-52A55708CE47}"
EndProject
Project("{9A19103F-16F7-4668-BE54-9A1E7A4F7556}") = "FinalProject", "final\FinalProject\FinalProject.csproj", "{756E9659-5B8B-4B23-94B4-E4C215953033}"
EndProject
Project("{9A19103F-16F7-4668-BE54-9A1E7A4F7556}") = "Foundation1", "final\Foundation1\Foundation1.csproj", "{D21987D0-4EC9-4B3F-B3FA-07F810DF4429}"
EndProject
Project("{9A19103F-16F7-4668-BE54-9A1E7A4F7556}") = "Foundation4", "final\Foundation4\Foundation4.csproj", "{78B2C679-38B5-45A8-972D-9D7EFF1A09E9}"
EndProject
Project("{9A19103F-16F7-4668-BE54-9A1E7A4F7556}") = "Foundation3", "final\Foundation3\Foundation3.csproj", "{BA3674EA-CD74-4D91-AAFA-32426FD1D7A6}"
EndProject
Project("{9A19103F-16F7-4668-BE54-9A1E7A4F7556}") = "Foundation2", "final\Foundation2\Foundation2.csproj", "{64ECBE01-7AC3-47AC-B2D9-8343C680CB27}"
EndProject
Project("{2150E333-8FDC-42A3-9474-1A3956D46DE8}") = "csharp-prep", "csharp-prep", "{EDF2D4DC-6AAA-4C9A-86CC-2423D8C9560B}"
EndProject
Project("{9A19103F-16F7-4668-BE54-9A1E7A4F7556}") = "Prep1", "csharp-prep\Prep1\Prep1.csproj", "{D13830D6-1DFB-40F1-B447-20D8345BA748}"
EndProject
Project("{9A19103F-16F7-4668-BE54-9A1E7A4F7556}") = "Prep5", "csharp-prep\Prep5\Prep5.csproj", "{98526605-12BA-476B-A3BA-B3968F86FFF4}"
EndProject
Project("{9A19103F-16F7-4668-BE54-9A1E7A4F7556}") = "Prep2", "csharp-prep\Prep2\Prep2.csproj", "{A2FBD306-9A88-4871-9146-7F56F4DEC1F9}"
EndProject
Project("{9A19103F-16F7-4668-BE54-9A1E7A4F7556}") = "Prep3", "csharp-prep\Prep3\Prep3.csproj", "{DC209D87-F917-49EB-B73D-B1F916105E64}"
EndProject
Project("{9A19103F-16F7-4668-BE54-9A1E7A4F7556}") = "Prep4", "csharp-prep\Prep4\Prep4.csproj", "{DF757E9F-74C4-4F0E-8341-312FCC289DC4}"
EndProject
Global
	GlobalSection(SolutionConfigurationPlatforms) = preSolution
		Debug|Any CPU = Debug|Any CPU
		Release|Any CPU = Release|Any CPU
	EndGlobalSection
	GlobalSection(ProjectConfigurationPlatforms) = postSolution
		{E7C1536A-20B2-4A32-B060-CC280922515A}.Debug|Any CPU.ActiveCfg = Debug|Any CPU
		{E7C1536A-20B2-4A32-B060-CC280922515A}.Debug|Any CPU.Build.0 = Debug|Any CPU
		{E7C1536A-20B2-4A32-B060-CC280922515A}.Release|Any CPU.ActiveCfg = Release|Any CPU
		{E7C1536A-20B2-4A32-B060-CC280922515A}.Release|Any CPU.Build.0 = Release|Any CPU
		{08144306-9798-4836-8C7E-587B2D3C39EB}.Debug|Any CPU.ActiveCfg = Debug|Any CPU
		{08144306-9798-4836-8C7E-587B2D3C39EB}.Debug|Any CPU.Build.0 = Debug|Any CPU
		{08144306-9798-4836-8C7E-587B2D3C39EB}.Release|Any CPU.ActiveCfg = Release|Any CPU
		{08144306-9798-4836-8C7E-587B2D3C39EB}.Release|Any CPU.Build.0 = Release|Any CPU
		{074157BC-EC27-4D52-8173-E6FDFC8989DA}.Debug|Any CPU.ActiveCfg = Debug|Any CPU
		{074157BC-EC27-4D52-8173-E6FDFC8989DA}.Debug|Any CPU.Build.0 = Debug|Any CPU
		{074157BC-EC27-4D52-8173-E6FDFC8989DA}.Release|Any CPU.ActiveCfg = Release|Any CPU
		{074157BC-EC27-4D52-8173-E6FDFC8989DA}.Release|Any CPU.Build.0 = Release|Any CPU
		{86448BD5-0026-4329-A152-16D6644731C6}.Debug|Any CPU.ActiveCfg = Debug|Any CPU
		{86448BD5-0026-4329-A152-16D6644731C6}.Debug|Any CPU.Build.0 = Debug|Any CPU
		{86448BD5-0026-4329-A152-16D6644731C6}.Release|Any CPU.ActiveCfg = Release|Any CPU
		{86448BD5-0026-4329-A152-16D6644731C6}.Release|Any CPU.Build.0 = Release|Any CPU
		{EEBFD568-70E7-4CB3-B52D-474864BA2BEE}.Debug|Any CPU.ActiveCfg = Debug|Any CPU
		{EEBFD568-70E7-4CB3-B52D-474864BA2BEE}.Debug|Any CPU.Build.0 = Debug|Any CPU
		{EEBFD568-70E7-4CB3-B52D-474864BA2BEE}.Release|Any CPU.ActiveCfg = Release|Any CPU
		{EEBFD568-70E7-4CB3-B52D-474864BA2BEE}.Release|Any CPU.Build.0 = Release|Any CPU
		{82381E1C-E6EB-4CC6-B188-FFE9D9D95558}.Debug|Any CPU.ActiveCfg = Debug|Any CPU
		{82381E1C-E6EB-4CC6-B188-FFE9D9D95558}.Debug|Any CPU.Build.0 = Debug|Any CPU
		{82381E1C-E6EB-4CC6-B188-FFE9D9D95558}.Release|Any CPU.ActiveCfg = Release|Any CPU
		{82381E1C-E6EB-4CC6-B188-FFE9D9D95558}.Release|Any CPU.Build.0 = Release|Any CPU
		{D58DABFE-0994-48F4-9A3D-2CFE3848053D}.Debug|Any CPU.ActiveCfg = Debug|Any CPU
		{D58DABFE-0994-48F4-9A3D-2CFE3848053D}.Debug|Any CPU.Build.0 = Debug|Any CPU
		{D58DABFE-0994-48F4-9A3D-2CFE3848053D}.Release|Any CPU.ActiveCfg = Release|Any CPU
		{D58DABFE-0994-48F4-9A3D-2CFE3848053D}.Release|Any CPU.Build.0 = Release|Any CPU
		{0585C8FE-168A-4179-9F4D-015EFBD2BB3E}.Debug|Any CPU.ActiveCfg = Debug|Any CPU
		{0585C8FE-168A-4179-9F4D-015EFBD2BB3E}.Debug|Any CPU.Build.0 = Debug|Any CPU
		{0585C8FE-168A-4179-9F4D-015EFBD2BB3E}.Release|Any CPU.ActiveCfg = Release|Any CPU
		{0585C8FE-168A-4179-9F4D-015EFBD2BB3E}.Release|Any CPU.Build.0 = Release|Any CPU
		{F7DDD15A-A763-4670-B069-211E31182A44}.Debug|Any CPU.ActiveCfg = Debug|Any CPU
		{F7DDD15A-A763-4670-B069-211E31182A44}.Debug|Any CPU.Build.0 = Debug|Any CPU
		{F7DDD15A-A763-4670-B069-211E31182A44}.Release|Any CPU.ActiveCfg = Release|Any CPU
		{F7DDD15A-A763-4670-B069-211E31182A44}.Release|Any CPU.Build.0 = Release|Any CPU
		{756E9659-5B8B-4B23-94B4-E4C215953033}.Debug|Any CPU.ActiveCfg = Debug|Any CPU
		{756E9659-5B8B-4B23-94B4-E4C215953033}.Debug|Any CPU.Build.0 = Debug|Any CPU
		{756E9659-5B8B-4B23-94B4-E4C215953033}.Release|Any CPU.ActiveCfg = Release|Any CPU
		{756E9659-5B8B-4B23-94B4-E4C215953033}.Release|Any CPU.Build.0 = Release|Any CPU
		{D21987D0-4EC9-4B3F-B3FA-07F810DF4429}.Debug|Any CPU.ActiveCfg = Debug|Any CPU
		{D21987D0-4EC9-4B3F-B3FA-07F810DF4429}.Debug|Any CPU.Build.0 = Debug|Any CPU
		{D21987D0-4EC9-4B3F-B3FA-07F810DF4429}.Release|Any CPU.ActiveCfg = Release|Any CPU
		{D21987D0-4EC9-4B3F-B3FA-07F810DF4429}.Release|Any CPU.Build.0 = Release|Any CPU
		{78B2C679-38B5-45A8-972D-9D7EFF1A09E9}.Debug|Any CPU.ActiveCfg = Debug|Any CPU
		{78B2C679-38B5-45A8-972D-9D7EFF1A09E9}.Debug|Any CPU.Build.0 = Debug|Any CPU
		{78B2C679-38B5-45A8-972D-9D7EFF1A09E9}.Release|Any CPU.ActiveCfg = Release|Any CPU
		{78B2C679-38B5-45A8-972D-9D7EFF1A09E9}.Release|Any CPU.Build.0 = Release|Any CPU
		{BA3674EA-CD74-4D91-AAFA-32426FD1D7A6}.Debug|Any CPU.ActiveCfg = Debug|Any CPU
		{BA3674EA-CD74-4D91-AAFA-32426FD1D7A6}.Debug|Any CPU.Build.0 = Debug|Any CPU
		{BA3674EA-CD74-4D91-AAFA-32426FD1D7A6}.Release|Any CPU.ActiveCfg = Release|Any CPU
		{BA3674EA-CD74-4D91-AAFA-32426FD1D7A6}.Release|Any CPU.Build.0 = Release|Any CPU
		{64ECBE01-7AC3-47AC-B2D9-8343C680CB27}.Debug|Any CPU.ActiveCfg = Debug|Any CPU
		{64ECBE01-7AC3-47AC-B2D9-8343C680CB27}.Debug|Any CPU.Build.0 = Debug|Any CPU
		{64ECBE01-7AC3-47AC-B2D9-8343C680CB27}.Release|Any CPU.ActiveCfg = Release|Any CPU
		{64ECBE01-7AC3-47AC-B2D9-8343C680CB27}.Release|Any CPU.Build.0 = Release|Any CPU
		{D13830D6-1DFB-40F1-B447-20D8345BA748}.Debug|Any CPU.ActiveCfg = Debug|Any CPU
		{D13830D6-1DFB-40F1-B447-20D8345BA748}.Debug|Any CPU.Build.0 = Debug|Any CPU
		{D13830D6-1DFB-40F1-B447-20D8345BA748}.Release|Any CPU.ActiveCfg = Release|Any CPU
		{D13830D6-1DFB-40F1-B447-20D8345BA748}.Release|Any CPU.Build.0 = Release|Any CPU
		{98526605-12BA-476B-A3BA-B3968F86FFF4}.Debug|Any CPU.ActiveCfg = Debug|Any CPU
		{98526605-12BA-476B-A3BA-B3968F86FFF4}.Debug|Any CPU.Build.0 = Debug|Any CPU
		{98526605-12BA-476B-A3BA-B3968F86FFF4}.Release|Any CPU.ActiveCfg = Release|Any CPU
		{98526605-12BA-476B-A3BA-B3968F86FFF4}.Release|Any CPU.Build.0 = Release|Any CPU
		{A2FBD306-9A88-4871-9146-7F56F4DEC1F9}.Debug|Any CPU.ActiveCfg = Debug|Any CPU
		{A2FBD306-9A88-4871-9146-7F56F4DEC1F9}.Debug|Any CPU.Build.0 = Debug|Any CPU
		{A2FBD306-9A88-4871-9146-7F56F4DEC1F9}.Release|Any CPU.ActiveCfg = Release|Any CPU
		{A2FBD306-9A88-4871-9146-7F56F4DEC1F9}.Release|Any CPU.Build.0 = Release|Any CPU
		{DC209D87-F917-49EB-B73D-B1F916105E64}.Debug|Any CPU.ActiveCfg = Debug|Any CPU
		{DC209D87-F917-49EB-B73D-B1F916105E64}.Debug|Any CPU.Build.0 = Debug|Any CPU
		{DC209D87-F917-49EB-B73D-B1F916105E64}.Release|Any CPU.ActiveCfg = Release|Any CPU
		{DC209D87-F917-49EB-B73D-B1F916105E64}.Release|Any CPU.Build.0 = Release|Any CPU
		{DF757E9F-74C4-4F0E-8341-312FCC289DC4}.Debug|Any CPU.ActiveCfg = Debug|Any CPU
		{DF757E9F-74C4-4F0E-8341-312FCC289DC4}.Debug|Any CPU.Build.0 = Debug|Any CPU
		{DF757E9F-74C4-4F0E-8341-312FCC289DC4}.Release|Any CPU.ActiveCfg = Release|Any CPU
		{DF757E9F-74C4-4F0E-8341-312FCC289DC4}.Release|Any CPU.Build.0 = Release|Any CPU
	EndGlobalSection
	GlobalSection(SolutionProperties) = preSolution
		HideSolutionNode = FALSE
	EndGlobalSection
	GlobalSection(NestedProjects) = preSolution
		{E7C1536A-20B2-4A32-B060-CC280922515A} = {0BE060F8-C129-499C-80D6-7964B747C9D7}
		{08144306-9798-4836-8C7E-587B2D3C39EB} = {0BE060F8-C129-499C-80D6-7964B747C9D7}
		{074157BC-EC27-4D52-8173-E6FDFC8989DA} = {0BE060F8-C129-499C-80D6-7964B747C9D7}
		{86448BD5-0026-4329-A152-16D6644731C6} = {0BE060F8-C129-499C-80D6-7964B747C9D7}
		{EEBFD568-70E7-4CB3-B52D-474864BA2BEE} = {0D833318-4A24-43C6-9CDE-3E2EE2567CF8}
		{82381E1C-E6EB-4CC6-B188-FFE9D9D95558} = {0D833318-4A24-43C6-9CDE-3E2EE2567CF8}
		{D58DABFE-0994-48F4-9A3D-2CFE3848053D} = {0D833318-4A24-43C6-9CDE-3E2EE2567CF8}
		{0585C8FE-168A-4179-9F4D-015EFBD2BB3E} = {0D833318-4A24-43C6-9CDE-3E2EE2567CF8}
		{F7DDD15A-A763-4670-B069-211E31182A44} = {FE2E82E9-93AC-4BEB-9645-AB97F69FED12}
		{756E9659-5B8B-4B23-94B4-E4C215953033} = {874B4E1B-031C-4CE0-B3E1-52A55708CE47}
		{D21987D0-4EC9-4B3F-B3FA-07F810DF4429} = {874B4E1B-031C-4CE0-B3E1-52A55708CE47}
		{78B2C679-38B5-45A8-972D-9D7EFF1A09E9} = {874B4E1B-031C-4CE0-B3E1-52A55708CE47}
		{BA3674EA-CD74-4D91-AAFA-32426FD1D7A6} = {874B4E1B-031C-4CE0-B3E1-52A55708CE47}
		{64ECBE01-7AC3-47AC-B2D9-8343C680CB27} = {874B4E1B-031C-4CE0-B3E1-52A55708CE47}
		{D13830D6-1DFB-40F1-B447-20D8345BA748} = {EDF2D4DC-6AAA-4C9A-86CC-2423D8C9560B}
		{98526605-12BA-476B-A3BA-B3968F86FFF4} = {EDF2D4DC-6AAA-4C9A-86CC-2423D8C9560B}
		{A2FBD306-9A88-4871-9146-7F56F4DEC1F9} = {EDF2D4DC-6AAA-4C9A-86CC-2423D8C9560B}
		{DC209D87-F917-49EB-B73D-B1F916105E64} = {EDF2D4DC-6AAA-4C9A-86CC-2423D8C9560B}
		{DF757E9F-74C4-4F0E-8341-312FCC289DC4} = {EDF2D4DC-6AAA-4C9A-86CC-2423D8C9560B}
	EndGlobalSection
	GlobalSection(ExtensibilityGlobals) = postSolution
		SolutionGuid = {B5303B4A-FF0B-4808-9738-658840CDF72E}
	EndGlobalSection
EndGlobal
